# generated by rye
# use `rye lock` or `rye sync` to update this lockfile
#
# last locked with the following flags:
#   pre: false
#   features: []
#   all-features: false
#   with-sources: false
#   generate-hashes: false
#   universal: false

-e file:.
asttokens==2.4.1
    # via stack-data
astunparse==1.6.3
    # via dlt
certifi==2024.8.30
    # via requests
charset-normalizer==3.4.0
    # via requests
click==8.1.7
    # via dlt
comm==0.2.2
    # via ipykernel
debugpy==1.8.7
    # via ipykernel
decorator==5.1.1
    # via ipython
dlt==1.3.0
    # via duckdb-pipe
duckdb==1.1.2
    # via duckdb-pipe
executing==2.1.0
    # via stack-data
fsspec==2024.10.0
    # via dlt
gitdb==4.0.11
    # via gitpython
gitpython==3.1.43
    # via dlt
giturlparse==0.12.0
    # via dlt
hexbytes==1.2.1
    # via dlt
humanize==4.11.0
    # via dlt
hypermanager==0.1.9
    # via duckdb-pipe
hypersync==0.8.3
    # via hypermanager
idna==3.10
    # via requests
ipykernel==6.29.5
    # via duckdb-pipe
ipython==8.29.0
    # via ipykernel
jedi==0.19.1
    # via ipython
jsonpath-ng==1.7.0
    # via dlt
jupyter-client==8.6.3
    # via ipykernel
jupyter-core==5.7.2
    # via ipykernel
    # via jupyter-client
makefun==1.15.6
    # via dlt
matplotlib-inline==0.1.7
    # via ipykernel
    # via ipython
nest-asyncio==1.6.0
    # via ipykernel
orjson==3.10.10
    # via dlt
packaging==24.1
    # via dlt
    # via ipykernel
    # via requirements-parser
parso==0.8.4
    # via jedi
pathvalidate==3.2.1
    # via dlt
pendulum==3.0.0
    # via dlt
pexpect==4.9.0
    # via ipython
platformdirs==4.3.6
    # via jupyter-core
pluggy==1.5.0
    # via dlt
ply==3.11
    # via jsonpath-ng
polars==1.12.0
    # via hypermanager
prompt-toolkit==3.0.48
    # via ipython
psutil==6.1.0
    # via ipykernel
ptyprocess==0.7.0
    # via pexpect
pure-eval==0.2.3
    # via stack-data
pyarrow==18.0.0
    # via duckdb-pipe
    # via hypermanager
pygments==2.18.0
    # via ipython
python-dateutil==2.9.0.post0
    # via jupyter-client
    # via pendulum
    # via time-machine
python-dotenv==1.0.1
    # via duckdb-pipe
pytz==2024.2
    # via dlt
pyyaml==6.0.2
    # via dlt
pyzmq==26.2.0
    # via ipykernel
    # via jupyter-client
requests==2.32.3
    # via dlt
requirements-parser==0.11.0
    # via dlt
semver==3.0.2
    # via dlt
setuptools==75.3.0
    # via dlt
simplejson==3.19.3
    # via dlt
six==1.16.0
    # via asttokens
    # via astunparse
    # via python-dateutil
smmap==5.0.1
    # via gitdb
stack-data==0.6.3
    # via ipython
strenum==0.4.15
    # via hypersync
tenacity==9.0.0
    # via dlt
time-machine==2.16.0
    # via pendulum
tomlkit==0.13.2
    # via dlt
tornado==6.4.1
    # via ipykernel
    # via jupyter-client
traitlets==5.14.3
    # via comm
    # via ipykernel
    # via ipython
    # via jupyter-client
    # via jupyter-core
    # via matplotlib-inline
types-setuptools==75.2.0.20241025
    # via requirements-parser
typing-extensions==4.12.2
    # via dlt
tzdata==2024.2
    # via dlt
    # via pendulum
urllib3==2.2.3
    # via requests
wcwidth==0.2.13
    # via prompt-toolkit
wheel==0.44.0
    # via astunparse
